
Microsoft Visual Studio Solution File, Format Version 15.00
# Visual Studio 2017
Project("{FAE04EC0-301F-11D3-BF4B-00C04F79EFBC}") = "BitPoker.Models", "BitPoker.Models.csproj", "{5ACD22AF-191E-4F4B-9922-345CB5F800F4}"
EndProject
Global
	GlobalSection(SolutionConfigurationPlatforms) = preSolution
		Debug|Any CPU = Debug|Any CPU
		Release|Any CPU = Release|Any CPU
	EndGlobalSection
	GlobalSection(ProjectConfigurationPlatforms) = postSolution
		{5ACD22AF-191E-4F4B-9922-345CB5F800F4}.Debug|Any CPU.ActiveCfg = Debug|Any CPU
		{5ACD22AF-191E-4F4B-9922-345CB5F800F4}.Debug|Any CPU.Build.0 = Debug|Any CPU
		{5ACD22AF-191E-4F4B-9922-345CB5F800F4}.Release|Any CPU.ActiveCfg = Release|Any CPU
		{5ACD22AF-191E-4F4B-9922-345CB5F800F4}.Release|Any CPU.Build.0 = Release|Any CPU
	EndGlobalSection
EndGlobal
